
Microsoft Visual Studio Solution File, Format Version 12.00
# Visual Studio 2012
Project("{FAE04EC0-301F-11D3-BF4B-00C04F79EFBC}") = "NHibernate.SqlAzure", "NHibernate.SqlAzure\NHibernate.SqlAzure.csproj", "{C51908DF-FAEA-4EAA-8F75-096346537C33}"
EndProject
Project("{2150E333-8FDC-42A3-9474-1A3956D46DE8}") = "Solution Files", "Solution Files", "{9C23CAA3-08A2-498A-AB98-F803AC42C49E}"
	ProjectSection(SolutionItems) = preProject
		LICENSE = LICENSE
		logo.png = logo.png
		README.md = README.md
	EndProjectSection
EndProject
Project("{FAE04EC0-301F-11D3-BF4B-00C04F79EFBC}") = "NHibernate.SqlAzure.Tests", "NHibernate.SqlAzure.Tests\NHibernate.SqlAzure.Tests.csproj", "{887FD0A4-B8E0-4B3D-BF7E-4CC7090EB829}"
EndProject
Global
	GlobalSection(SolutionConfigurationPlatforms) = preSolution
		Debug|Any CPU = Debug|Any CPU
		Release|Any CPU = Release|Any CPU
	EndGlobalSection
	GlobalSection(ProjectConfigurationPlatforms) = postSolution
		{C51908DF-FAEA-4EAA-8F75-096346537C33}.Debug|Any CPU.ActiveCfg = Debug|Any CPU
		{C51908DF-FAEA-4EAA-8F75-096346537C33}.Debug|Any CPU.Build.0 = Debug|Any CPU
		{C51908DF-FAEA-4EAA-8F75-096346537C33}.Release|Any CPU.ActiveCfg = Release|Any CPU
		{C51908DF-FAEA-4EAA-8F75-096346537C33}.Release|Any CPU.Build.0 = Release|Any CPU
		{887FD0A4-B8E0-4B3D-BF7E-4CC7090EB829}.Debug|Any CPU.ActiveCfg = Debug|Any CPU
		{887FD0A4-B8E0-4B3D-BF7E-4CC7090EB829}.Debug|Any CPU.Build.0 = Debug|Any CPU
		{887FD0A4-B8E0-4B3D-BF7E-4CC7090EB829}.Release|Any CPU.ActiveCfg = Release|Any CPU
		{887FD0A4-B8E0-4B3D-BF7E-4CC7090EB829}.Release|Any CPU.Build.0 = Release|Any CPU
	EndGlobalSection
	GlobalSection(SolutionProperties) = preSolution
		HideSolutionNode = FALSE
	EndGlobalSection
	GlobalSection(ExtensibilityGlobals) = postSolution
		EnterpriseLibraryConfigurationToolBinariesPathV6 = packages\EnterpriseLibrary.TransientFaultHandling.6.0.1304.0\lib\portable-net45+win+wp8;packages\EnterpriseLibrary.TransientFaultHandling.Data.6.0.1304.1\lib\NET45
	EndGlobalSection
EndGlobal
